// !$*UTF8*$!
{
	archiveVersion = 1;
	classes = {
	};
	objectVersion = 50;
	objects = {

/* Begin PBXBuildFile section */
		E89EAFB222929AFF00F66EF3 /* AppDelegate.swift in Sources */ = {isa = PBXBuildFile; fileRef = E89EAFB122929AFF00F66EF3 /* AppDelegate.swift */; };
		E89EAFB422929AFF00F66EF3 /* ViewController.swift in Sources */ = {isa = PBXBuildFile; fileRef = E89EAFB322929AFF00F66EF3 /* ViewController.swift */; };
		E89EAFB722929AFF00F66EF3 /* Main.storyboard in Resources */ = {isa = PBXBuildFile; fileRef = E89EAFB522929AFF00F66EF3 /* Main.storyboard */; };
		E89EAFBA22929B0000F66EF3 /* TableViewwithImagesandLabels.xcdatamodeld in Sources */ = {isa = PBXBuildFile; fileRef = E89EAFB822929B0000F66EF3 /* TableViewwithImagesandLabels.xcdatamodeld */; };
		E89EAFBC22929B0500F66EF3 /* Assets.xcassets in Resources */ = {isa = PBXBuildFile; fileRef = E89EAFBB22929B0500F66EF3 /* Assets.xcassets */; };
		E89EAFBF22929B0500F66EF3 /* LaunchScreen.storyboard in Resources */ = {isa = PBXBuildFile; fileRef = E89EAFBD22929B0500F66EF3 /* LaunchScreen.storyboard */; };
/* End PBXBuildFile section */

/* Begin PBXFileReference section */
		E89EAFAE22929AFF00F66EF3 /* TableViewwithImagesandLabels.app */ = {isa = PBXFileReference; explicitFileType = wrapper.application; includeInIndex = 0; path = TableViewwithImagesandLabels.app; sourceTree = BUILT_PRODUCTS_DIR; };
		E89EAFB122929AFF00F66EF3 /* AppDelegate.swift */ = {isa = PBXFileReference; lastKnownFileType = sourcecode.swift; path = AppDelegate.swift; sourceTree = "<group>"; };
		E89EAFB322929AFF00F66EF3 /* ViewController.swift */ = {isa = PBXFileReference; lastKnownFileType = sourcecode.swift; path = ViewController.swift; sourceTree = "<group>"; };
		E89EAFB622929AFF00F66EF3 /* Base */ = {isa = PBXFileReference; lastKnownFileType = file.storyboard; name = Base; path = Base.lproj/Main.storyboard; sourceTree = "<group>"; };
		E89EAFB922929B0000F66EF3 /* TableViewwithImagesandLabels.xcdatamodel */ = {isa = PBXFileReference; lastKnownFileType = wrapper.xcdatamodel; path = TableViewwithImagesandLabels.xcdatamodel; sourceTree = "<group>"; };
		E89EAFBB22929B0500F66EF3 /* Assets.xcassets */ = {isa = PBXFileReference; lastKnownFileType = folder.assetcatalog; path = Assets.xcassets; sourceTree = "<group>"; };
		E89EAFBE22929B0500F66EF3 /* Base */ = {isa = PBXFileReference; lastKnownFileType = file.storyboard; name = Base; path = Base.lproj/LaunchScreen.storyboard; sourceTree = "<group>"; };
		E89EAFC022929B0500F66EF3 /* Info.plist */ = {isa = PBXFileReference; lastKnownFileType = text.plist.xml; path = Info.plist; sourceTree = "<group>"; };
/* End PBXFileReference section */

/* Begin PBXFrameworksBuildPhase section */
		E89EAFAB22929AFF00F66EF3 /* Frameworks */ = {
			isa = PBXFrameworksBuildPhase;
			buildActionMask = 2147483647;
			files = (
			);
			runOnlyForDeploymentPostprocessing = 0;
		};
/* End PBXFrameworksBuildPhase section */

/* Begin PBXGroup section */
		E89EAFA522929AFF00F66EF3 = {
			isa = PBXGroup;
			children = (
				E89EAFB022929AFF00F66EF3 /* TableViewwithImagesandLabels */,
				E89EAFAF22929AFF00F66EF3 /* Products */,
			);
			sourceTree = "<group>";
		};
		E89EAFAF22929AFF00F66EF3 /* Products */ = {
			isa = PBXGroup;
			children = (
				E89EAFAE22929AFF00F66EF3 /* TableViewwithImagesandLabels.app */,
			);
			name = Products;
			sourceTree = "<group>";
		};
		E89EAFB022929AFF00F66EF3 /* TableViewwithImagesandLabels */ = {
			isa = PBXGroup;
			children = (
				E89EAFB122929AFF00F66EF3 /* AppDelegate.swift */,
				E89EAFB322929AFF00F66EF3 /* ViewController.swift */,
				E89EAFB522929AFF00F66EF3 /* Main.storyboard */,
				E89EAFBB22929B0500F66EF3 /* Assets.xcassets */,
				E89EAFBD22929B0500F66EF3 /* LaunchScreen.storyboard */,
				E89EAFC022929B0500F66EF3 /* Info.plist */,
				E89EAFB822929B0000F66EF3 /* TableViewwithImagesandLabels.xcdatamodeld */,
			);
			path = TableViewwithImagesandLabels;
			sourceTree = "<group>";
		};
/* End PBXGroup section */

/* Begin PBXNativeTarget section */
		E89EAFAD22929AFF00F66EF3 /* TableViewwithImagesandLabels */ = {
			isa = PBXNativeTarget;
			buildConfigurationList = E89EAFC322929B0500F66EF3 /* Build configuration list for PBXNativeTarget "TableViewwithImagesandLabels" */;
			buildPhases = (
				E89EAFAA22929AFF00F66EF3 /* Sources */,
				E89EAFAB22929AFF00F66EF3 /* Frameworks */,
				E89EAFAC22929AFF00F66EF3 /* Resources */,
			);
			buildRules = (
			);
			dependencies = (
			);
			name = TableViewwithImagesandLabels;
			productName = TableViewwithImagesandLabels;
			productReference = E89EAFAE22929AFF00F66EF3 /* TableViewwithImagesandLabels.app */;
			productType = "com.apple.product-type.application";
		};
/* End PBXNativeTarget section */

/* Begin PBXProject section */
		E89EAFA622929AFF00F66EF3 /* Project object */ = {
			isa = PBXProject;
			attributes = {
				LastSwiftUpdateCheck = 0940;
				LastUpgradeCheck = 0940;
				ORGANIZATIONNAME = Book;
				TargetAttributes = {
					E89EAFAD22929AFF00F66EF3 = {
						CreatedOnToolsVersion = 9.4.1;
					};
				};
			};
			buildConfigurationList = E89EAFA922929AFF00F66EF3 /* Build configuration list for PBXProject "TableViewwithImagesandLabels" */;
			compatibilityVersion = "Xcode 9.3";
			developmentRegion = en;
			hasScannedForEncodings = 0;
			knownRegions = (
				en,
				Base,
			);
			mainGroup = E89EAFA522929AFF00F66EF3;
			productRefGroup = E89EAFAF22929AFF00F66EF3 /* Products */;
			projectDirPath = "";
			projectRoot = "";
			targets = (
				E89EAFAD22929AFF00F66EF3 /* TableViewwithImagesandLabels */,
			);
		};
/* End PBXProject section */

/* Begin PBXResourcesBuildPhase section */
		E89EAFAC22929AFF00F66EF3 /* Resources */ = {
			isa = PBXResourcesBuildPhase;
			buildActionMask = 2147483647;
			files = (
				E89EAFBF22929B0500F66EF3 /* LaunchScreen.storyboard in Resources */,
				E89EAFBC22929B0500F66EF3 /* Assets.xcassets in Resources */,
				E89EAFB722929AFF00F66EF3 /* Main.storyboard in Resources */,
			);
			runOnlyForDeploymentPostprocessing = 0;
		};
/* End PBXResourcesBuildPhase section */

/* Begin PBXSourcesBuildPhase section */
		E89EAFAA22929AFF00F66EF3 /* Sources */ = {
			isa = PBXSourcesBuildPhase;
			buildActionMask = 2147483647;
			files = (
				E89EAFBA22929B0000F66EF3 /* TableViewwithImagesandLabels.xcdatamodeld in Sources */,
				E89EAFB422929AFF00F66EF3 /* ViewController.swift in Sources */,
				E89EAFB222929AFF00F66EF3 /* AppDelegate.swift in Sources */,
			);
			runOnlyForDeploymentPostprocessing = 0;
		};
/* End PBXSourcesBuildPhase section */

/* Begin PBXVariantGroup section */
		E89EAFB522929AFF00F66EF3 /* Main.storyboard */ = {
			isa = PBXVariantGroup;
			children = (
				E89EAFB622929AFF00F66EF3 /* Base */,
			);
			name = Main.storyboard;
			sourceTree = "<group>";
		};
		E89EAFBD22929B0500F66EF3 /* LaunchScreen.storyboard */ = {
			isa = PBXVariantGroup;
			children = (
				E89EAFBE22929B0500F66EF3 /* Base */,
			);
			name = LaunchScreen.storyboard;
			sourceTree = "<group>";
		};
/* End PBXVariantGroup section */

/* Begin XCBuildConfiguration section */
		E89EAFC122929B0500F66EF3 /* Debug */ = {
			isa = XCBuildConfiguration;
			buildSettings = {
				ALWAYS_SEARCH_USER_PATHS = NO;
				CLANG_ANALYZER_NONNULL = YES;
				CLANG_ANALYZER_NUMBER_OBJECT_CONVERSION = YES_AGGRESSIVE;
				CLANG_CXX_LANGUAGE_STANDARD = "gnu++14";
				CLANG_CXX_LIBRARY = "libc++";
				CLANG_ENABLE_MODULES = YES;
				CLANG_ENABLE_OBJC_ARC = YES;
				CLANG_ENABLE_OBJC_WEAK = YES;
				CLANG_WARN_BLOCK_CAPTURE_AUTORELEASING = YES;
				CLANG_WARN_BOOL_CONVERSION = YES;
				CLANG_WARN_COMMA = YES;
				CLANG_WARN_CONSTANT_CONVERSION = YES;
				CLANG_WARN_DEPRECATED_OBJC_IMPLEMENTATIONS = YES;
				CLANG_WARN_DIRECT_OBJC_ISA_USAGE = YES_ERROR;
				CLANG_WARN_DOCUMENTATION_COMMENTS = YES;
				CLANG_WARN_EMPTY_BODY = YES;
				CLANG_WARN_ENUM_CONVERSION = YES;
				CLANG_WARN_INFINITE_RECURSION = YES;
				CLANG_WARN_INT_CONVERSION = YES;
				CLANG_WARN_NON_LITERAL_NULL_CONVERSION = YES;
				CLANG_WARN_OBJC_IMPLICIT_RETAIN_SELF = YES;
				CLANG_WARN_OBJC_LITERAL_CONVERSION = YES;
				CLANG_WARN_OBJC_ROOT_CLASS = YES_ERROR;
				CLANG_WARN_RANGE_LOOP_ANALYSIS = YES;
				CLANG_WARN_STRICT_PROTOTYPES = YES;
				CLANG_WARN_SUSPICIOUS_MOVE = YES;
				CLANG_WARN_UNGUARDED_AVAILABILITY = YES_AGGRESSIVE;
				CLANG_WARN_UNREACHABLE_CODE = YES;
				CLANG_WARN__DUPLICATE_METHOD_MATCH = YES;
				CODE_SIGN_IDENTITY = "iPhone Developer";
				COPY_PHASE_STRIP = NO;
				DEBUG_INFORMATION_FORMAT = dwarf;
				ENABLE_STRICT_OBJC_MSGSEND = YES;
				ENABLE_TESTABILITY = YES;
				GCC_C_LANGUAGE_STANDARD = gnu11;
				GCC_DYNAMIC_NO_PIC = NO;
				GCC_NO_COMMON_BLOCKS = YES;
				GCC_OPTIMIZATION_LEVEL = 0;
				GCC_PREPROCESSOR_DEFINITIONS = (
					"DEBUG=1",
					"$(inherited)",
				);
				GCC_WARN_64_TO_32_BIT_CONVERSION = YES;
				GCC_WARN_ABOUT_RETURN_TYPE = YES_ERROR;
				GCC_WARN_UNDECLARED_SELECTOR = YES;
				GCC_WARN_UNINITIALIZED_AUTOS = YES_AGGRESSIVE;
				GCC_WARN_UNUSED_FUNCTION = YES;
				GCC_WARN_UNUSED_VARIABLE = YES;
				IPHONEOS_DEPLOYMENT_TARGET = 11.4;
				MTL_ENABLE_DEBUG_INFO = YES;
				ONLY_ACTIVE_ARCH = YES;
				SDKROOT = iphoneos;
				SWIFT_ACTIVE_COMPILATION_CONDITIONS = DEBUG;
				SWIFT_OPTIMIZATION_LEVEL = "-Onone";
			};
			name = Debug;
		};
		E89EAFC222929B0500F66EF3 /* Release */ = {
			isa = XCBuildConfiguration;
			buildSettings = {
				ALWAYS_SEARCH_USER_PATHS = NO;
				CLANG_ANALYZER_NONNULL = YES;
				CLANG_ANALYZER_NUMBER_OBJECT_CONVERSION = YES_AGGRESSIVE;
				CLANG_CXX_LANGUAGE_STANDARD = "gnu++14";
				CLANG_CXX_LIBRARY = "libc++";
				CLANG_ENABLE_MODULES = YES;
				CLANG_ENABLE_OBJC_ARC = YES;
				CLANG_ENABLE_OBJC_WEAK = YES;
				CLANG_WARN_BLOCK_CAPTURE_AUTORELEASING = YES;
				CLANG_WARN_BOOL_CONVERSION = YES;
				CLANG_WARN_COMMA = YES;
				CLANG_WARN_CONSTANT_CONVERSION = YES;
				CLANG_WARN_DEPRECATED_OBJC_IMPLEMENTATIONS = YES;
				CLANG_WARN_DIRECT_OBJC_ISA_USAGE = YES_ERROR;
				CLANG_WARN_DOCUMENTATION_COMMENTS = YES;
				CLANG_WARN_EMPTY_BODY = YES;
				CLANG_WARN_ENUM_CONVERSION = YES;
				CLANG_WARN_INFINITE_RECURSION = YES;
				CLANG_WARN_INT_CONVERSION = YES;
				CLANG_WARN_NON_LITERAL_NULL_CONVERSION = YES;
				CLANG_WARN_OBJC_IMPLICIT_RETAIN_SELF = YES;
				CLANG_WARN_OBJC_LITERAL_CONVERSION = YES;
				CLANG_WARN_OBJC_ROOT_CLASS = YES_ERROR;
				CLANG_WARN_RANGE_LOOP_ANALYSIS = YES;
				CLANG_WARN_STRICT_PROTOTYPES = YES;
				CLANG_WARN_SUSPICIOUS_MOVE = YES;
				CLANG_WARN_UNGUARDED_AVAILABILITY = YES_AGGRESSIVE;
				CLANG_WARN_UNREACHABLE_CODE = YES;
				CLANG_WARN__DUPLICATE_METHOD_MATCH = YES;
				CODE_SIGN_IDENTITY = "iPhone Developer";
				COPY_PHASE_STRIP = NO;
				DEBUG_INFORMATION_FORMAT = "dwarf-with-dsym";
				ENABLE_NS_ASSERTIONS = NO;
				ENABLE_STRICT_OBJC_MSGSEND = YES;
				GCC_C_LANGUAGE_STANDARD = gnu11;
				GCC_NO_COMMON_BLOCKS = YES;
				GCC_WARN_64_TO_32_BIT_CONVERSION = YES;
				GCC_WARN_ABOUT_RETURN_TYPE = YES_ERROR;
				GCC_WARN_UNDECLARED_SELECTOR = YES;
				GCC_WARN_UNINITIALIZED_AUTOS = YES_AGGRESSIVE;
				GCC_WARN_UNUSED_FUNCTION = YES;
				GCC_WARN_UNUSED_VARIABLE = YES;
				IPHONEOS_DEPLOYMENT_TARGET = 11.4;
				MTL_ENABLE_DEBUG_INFO = NO;
				SDKROOT = iphoneos;
				SWIFT_COMPILATION_MODE = wholemodule;
				SWIFT_OPTIMIZATION_LEVEL = "-O";
				VALIDATE_PRODUCT = YES;
			};
			name = Release;
		};
		E89EAFC422929B0500F66EF3 /* Debug */ = {
			isa = XCBuildConfiguration;
			buildSettings = {
				ASSETCATALOG_COMPILER_APPICON_NAME = AppIcon;
				CODE_SIGN_STYLE = Automatic;
				INFOPLIST_FILE = TableViewwithImagesandLabels/Info.plist;
				LD_RUNPATH_SEARCH_PATHS = (
					"$(inherited)",
					"@executable_path/Frameworks",
				);
				PRODUCT_BUNDLE_IDENTIFIER = com.Book.TableViewwithImagesandLabels;
				PRODUCT_NAME = "$(TARGET_NAME)";
				SWIFT_VERSION = 4.0;
				TARGETED_DEVICE_FAMILY = "1,2";
			};
			name = Debug;
		};
		E89EAFC522929B0500F66EF3 /* Release */ = {
			isa = XCBuildConfiguration;
			buildSettings = {
				ASSETCATALOG_COMPILER_APPICON_NAME = AppIcon;
				CODE_SIGN_STYLE = Automatic;
				INFOPLIST_FILE = TableViewwithImagesandLabels/Info.plist;
				LD_RUNPATH_SEARCH_PATHS = (
					"$(inherited)",
					"@executable_path/Frameworks",
				);
				PRODUCT_BUNDLE_IDENTIFIER = com.Book.TableViewwithImagesandLabels;
				PRODUCT_NAME = "$(TARGET_NAME)";
				SWIFT_VERSION = 4.0;
				TARGETED_DEVICE_FAMILY = "1,2";
			};
			name = Release;
		};
/* End XCBuildConfiguration section */

/* Begin XCConfigurationList section */
		E89EAFA922929AFF00F66EF3 /* Build configuration list for PBXProject "TableViewwithImagesandLabels" */ = {
			isa = XCConfigurationList;
			buildConfigurations = (
				E89EAFC122929B0500F66EF3 /* Debug */,
				E89EAFC222929B0500F66EF3 /* Release */,
			);
			defaultConfigurationIsVisible = 0;
			defaultConfigurationName = Release;
		};
		E89EAFC322929B0500F66EF3 /* Build configuration list for PBXNativeTarget "TableViewwithImagesandLabels" */ = {
			isa = XCConfigurationList;
			buildConfigurations = (
				E89EAFC422929B0500F66EF3 /* Debug */,
				E89EAFC522929B0500F66EF3 /* Release */,
			);
			defaultConfigurationIsVisible = 0;
			defaultConfigurationName = Release;
		};
/* End XCConfigurationList section */

/* Begin XCVersionGroup section */
		E89EAFB822929B0000F66EF3 /* TableViewwithImagesandLabels.xcdatamodeld */ = {
			isa = XCVersionGroup;
			children = (
				E89EAFB922929B0000F66EF3 /* TableViewwithImagesandLabels.xcdatamodel */,
			);
			currentVersion = E89EAFB922929B0000F66EF3 /* TableViewwithImagesandLabels.xcdatamodel */;
			path = TableViewwithImagesandLabels.xcdatamodeld;
			sourceTree = "<group>";
			versionGroupType = wrapper.xcdatamodel;
		};
/* End XCVersionGroup section */
	};
	rootObject = E89EAFA622929AFF00F66EF3 /* Project object */;
}
